# THIS IS AN AUTOGENERATED FILE. DO NOT EDIT THIS FILE DIRECTLY.
# yarn lockfile v1


js-bitarray@^0.6.0:
  version "0.6.0"
  resolved "https://registry.yarnpkg.com/js-bitarray/-/js-bitarray-0.6.0.tgz#e0690c392cfaf82ac69b11f1969abf6c36e6bda2"

lodash@^4.17.4:
  version "4.17.4"
  resolved "https://registry.yarnpkg.com/lodash/-/lodash-4.17.4.tgz#78203a4d1c328ae1d86dca6460e369b57f4055ae"
