# THIS IS AN AUTOGENERATED FILE. DO NOT EDIT THIS FILE DIRECTLY.
# yarn lockfile v1


lodash@^4.17.4:
  version "4.17.4"
  resolved "https://registry.yarnpkg.com/lodash/-/lodash-4.17.4.tgz#78203a4d1c328ae1d86dca6460e369b57f4055ae"

node-bitarray@^0.1.0:
  version "0.1.0"
  resolved "https://registry.yarnpkg.com/node-bitarray/-/node-bitarray-0.1.0.tgz#6d257076a81b849e7c212cbf733c5cf5dbfc0888"

tcomb@^3.2.16:
  version "3.2.16"
  resolved "https://registry.yarnpkg.com/tcomb/-/tcomb-3.2.16.tgz#345782f2f060839a2df30480209b1afc8b16e1fa"
